<Project ToolsVersion="4.0" xmlns="http://schemas.microsoft.com/developer/msbuild/2003">
  <ItemGroup>
    <Filter Include="Source Files">
      <UniqueIdentifier>{4FC737F1-C7A5-4376-A066-2A32D752A2FF}</UniqueIdentifier>
      <Extensions>cpp;c;cc;cxx;def;odl;idl;hpj;bat;asm;asmx</Extensions>
    </Filter>
    <Filter Include="Header Files">
      <UniqueIdentifier>{93995380-89BD-4b04-88EB-625FBE52EBFB}</UniqueIdentifier>
      <Extensions>h;hpp;hxx;hm;inl;inc;xsd</Extensions>
    </Filter>
    <Filter Include="Resource Files">
      <UniqueIdentifier>{67DA6AB6-F800-4c08-8B7A-83BB121AAD01}</UniqueIdentifier>
      <Extensions>rc;ico;cur;bmp;dlg;rc2;rct;bin;rgs;gif;jpg;jpeg;jpe;resx;tiff;tif;png;wav</Extensions>
    </Filter>
    <Filter Include="Blocks">
      <UniqueIdentifier>{2F8AA436-BA35-435C-8882-47FB0B282857}</UniqueIdentifier>
    </Filter>
    <Filter Include="Blocks\Cinder-NDI">
      <UniqueIdentifier>{22AD8A3A-827C-4E92-8ACD-B51A2118F7BA}</UniqueIdentifier>
    </Filter>
    <Filter Include="Blocks\Cinder-NDI\src">
      <UniqueIdentifier>{AFC322BE-732A-40C2-BD74-996AFE08AFCF}</UniqueIdentifier>
    </Filter>
    <Filter Include="Blocks\Cinder-NDI\include">
      <UniqueIdentifier>{21676991-C49F-42F7-BBFC-A2CFB8112CA6}</UniqueIdentifier>
    </Filter>
  </ItemGroup>
  <ItemGroup>
    <ClCompile Include="..\src\BasicSenderApp.cpp">
      <Filter>Source Files</Filter>
    </ClCompile>
    <ClCompile Include="..\src\BasicSenderApp.cpp">
      <Filter>Source Files</Filter>
    </ClCompile>
    <ClInclude Include="..\include\Resources.h">
      <Filter>Header Files</Filter>
    </ClInclude>
    <ClCompile Include="..\..\..\src\CinderNDIReceiver.cpp">
      <Filter>Blocks\Cinder-NDI\src</Filter>
    </ClCompile>
    <ClCompile Include="..\..\..\src\CinderNDISender.cpp">
      <Filter>Blocks\Cinder-NDI\src</Filter>
    </ClCompile>
    <ClInclude Include="..\..\..\include\CinderNDIReceiver.h">
      <Filter>Blocks\Cinder-NDI\include</Filter>
    </ClInclude>
    <ClInclude Include="..\..\..\include\CinderNDISender.h">
      <Filter>Blocks\Cinder-NDI\include</Filter>
    </ClInclude>
  </ItemGroup>
  <ItemGroup>
    <ClInclude Include="..\include\Resources.h">
      <Filter>Header Files</Filter>
    </ClInclude>
  </ItemGroup>
  <ItemGroup>
    <ResourceCompile Include="Resources.rc">
      <Filter>Resource Files</Filter>
    </ResourceCompile>
  </ItemGroup>
</Project>
